Microsoft Visual Studio Solution File, Format Version 12.00
# Visual Studio Version 17
VisualStudioVersion = 17.5.2.0
MinimumVisualStudioVersion = 10.0.40219.1
Project("{FAE04EC0-301F-11D3-BF4B-00C04F79EFBC}") = "DotnetLoader", "DotnetLoader\DotnetLoader.csproj", "{28B3D651-0D49-8463-6249-7AAA06C89035}"
EndProject
Project("{FAE04EC0-301F-11D3-BF4B-00C04F79EFBC}") = "DotnetLoaderLibrary", "DotnetLoaderLibrary\DotnetLoaderLibrary.csproj", "{56F44542-D2DC-6A25-3C9D-D09E5CACFE09}"
EndProject
Global
	GlobalSection(SolutionConfigurationPlatforms) = preSolution
		Debug|Any CPU = Debug|Any CPU
		Release|Any CPU = Release|Any CPU
	EndGlobalSection
	GlobalSection(ProjectConfigurationPlatforms) = postSolution
		{28B3D651-0D49-8463-6249-7AAA06C89035}.Debug|Any CPU.ActiveCfg = Debug|Any CPU
		{28B3D651-0D49-8463-6249-7AAA06C89035}.Debug|Any CPU.Build.0 = Debug|Any CPU
		{28B3D651-0D49-8463-6249-7AAA06C89035}.Release|Any CPU.ActiveCfg = Release|Any CPU
		{28B3D651-0D49-8463-6249-7AAA06C89035}.Release|Any CPU.Build.0 = Release|Any CPU
		{56F44542-D2DC-6A25-3C9D-D09E5CACFE09}.Debug|Any CPU.ActiveCfg = Debug|Any CPU
		{56F44542-D2DC-6A25-3C9D-D09E5CACFE09}.Debug|Any CPU.Build.0 = Debug|Any CPU
		{56F44542-D2DC-6A25-3C9D-D09E5CACFE09}.Release|Any CPU.ActiveCfg = Release|Any CPU
		{56F44542-D2DC-6A25-3C9D-D09E5CACFE09}.Release|Any CPU.Build.0 = Release|Any CPU
	EndGlobalSection
	GlobalSection(SolutionProperties) = preSolution
		HideSolutionNode = FALSE
	EndGlobalSection
	GlobalSection(ExtensibilityGlobals) = postSolution
		SolutionGuid = {DE3EEDA8-BB16-459F-9DBD-4EB2EAAE79B1}
	EndGlobalSection
EndGlobal
